
Microsoft Visual Studio Solution File, Format Version 12.00
# Visual Studio Version 17
VisualStudioVersion = 17.3.32929.385
MinimumVisualStudioVersion = 10.0.40219.1
Project("{FAE04EC0-301F-11D3-BF4B-00C04F79EFBC}") = "if edad", "if edad\if edad.csproj", "{25B9254D-5363-4BE7-A15D-89E55D9AF0D1}"
EndProject
Global
	GlobalSection(SolutionConfigurationPlatforms) = preSolution
		Debug|Any CPU = Debug|Any CPU
		Release|Any CPU = Release|Any CPU
	EndGlobalSection
	GlobalSection(ProjectConfigurationPlatforms) = postSolution
		{25B9254D-5363-4BE7-A15D-89E55D9AF0D1}.Debug|Any CPU.ActiveCfg = Debug|Any CPU
		{25B9254D-5363-4BE7-A15D-89E55D9AF0D1}.Debug|Any CPU.Build.0 = Debug|Any CPU
		{25B9254D-5363-4BE7-A15D-89E55D9AF0D1}.Release|Any CPU.ActiveCfg = Release|Any CPU
		{25B9254D-5363-4BE7-A15D-89E55D9AF0D1}.Release|Any CPU.Build.0 = Release|Any CPU
	EndGlobalSection
	GlobalSection(SolutionProperties) = preSolution
		HideSolutionNode = FALSE
	EndGlobalSection
	GlobalSection(ExtensibilityGlobals) = postSolution
		SolutionGuid = {8092FFF4-925A-4090-AA30-512F599AD049}
	EndGlobalSection
EndGlobal
